
Microsoft Visual Studio Solution File, Format Version 12.00
# Visual Studio Version 17
VisualStudioVersion = 17.3.32901.215
MinimumVisualStudioVersion = 10.0.40219.1
Project("{FAE04EC0-301F-11D3-BF4B-00C04F79EFBC}") = "POO - Actividad 1 - Resta", "POO - Actividad 1 - Resta\POO - Actividad 1 - Resta.csproj", "{16828430-D410-42DC-B9AE-9B8652CC6972}"
EndProject
Global
	GlobalSection(SolutionConfigurationPlatforms) = preSolution
		Debug|Any CPU = Debug|Any CPU
		Release|Any CPU = Release|Any CPU
	EndGlobalSection
	GlobalSection(ProjectConfigurationPlatforms) = postSolution
		{16828430-D410-42DC-B9AE-9B8652CC6972}.Debug|Any CPU.ActiveCfg = Debug|Any CPU
		{16828430-D410-42DC-B9AE-9B8652CC6972}.Debug|Any CPU.Build.0 = Debug|Any CPU
		{16828430-D410-42DC-B9AE-9B8652CC6972}.Release|Any CPU.ActiveCfg = Release|Any CPU
		{16828430-D410-42DC-B9AE-9B8652CC6972}.Release|Any CPU.Build.0 = Release|Any CPU
	EndGlobalSection
	GlobalSection(SolutionProperties) = preSolution
		HideSolutionNode = FALSE
	EndGlobalSection
	GlobalSection(ExtensibilityGlobals) = postSolution
		SolutionGuid = {664AFA73-047A-46C9-A252-38CFD9912473}
	EndGlobalSection
EndGlobal
